
Microsoft Visual Studio Solution File, Format Version 12.00
# Visual Studio Version 17
VisualStudioVersion = 17.14.36623.8 d17.14
MinimumVisualStudioVersion = 10.0.40219.1
Project("{FAE04EC0-301F-11D3-BF4B-00C04F79EFBC}") = "LearnQuickTyping.App", "LearnQuickTyping.App\LearnQuickTyping.App.csproj", "{700FE768-64BE-4447-9BC5-983616855D74}"
EndProject
Global
	GlobalSection(SolutionConfigurationPlatforms) = preSolution
		Debug|Any CPU = Debug|Any CPU
		Release|Any CPU = Release|Any CPU
	EndGlobalSection
	GlobalSection(ProjectConfigurationPlatforms) = postSolution
		{700FE768-64BE-4447-9BC5-983616855D74}.Debug|Any CPU.ActiveCfg = Debug|Any CPU
		{700FE768-64BE-4447-9BC5-983616855D74}.Debug|Any CPU.Build.0 = Debug|Any CPU
		{700FE768-64BE-4447-9BC5-983616855D74}.Debug|Any CPU.Deploy.0 = Debug|Any CPU
		{700FE768-64BE-4447-9BC5-983616855D74}.Release|Any CPU.ActiveCfg = Release|Any CPU
		{700FE768-64BE-4447-9BC5-983616855D74}.Release|Any CPU.Build.0 = Release|Any CPU
		{700FE768-64BE-4447-9BC5-983616855D74}.Release|Any CPU.Deploy.0 = Release|Any CPU
	EndGlobalSection
	GlobalSection(SolutionProperties) = preSolution
		HideSolutionNode = FALSE
	EndGlobalSection
	GlobalSection(ExtensibilityGlobals) = postSolution
		SolutionGuid = {0C3F3338-98F8-4072-AF0C-05AB93FAAC48}
	EndGlobalSection
EndGlobal
